
Microsoft Visual Studio Solution File, Format Version 12.00
# Visual Studio 15
VisualStudioVersion = 15.0.26124.0
MinimumVisualStudioVersion = 15.0.26124.0
Project("{FAE04EC0-301F-11D3-BF4B-00C04F79EFBC}") = "HashSuite.Code", "HashSuite.Code\HashSuite.Code.csproj", "{67D9891C-227A-4C66-8D9B-24027802BC03}"
EndProject
Project("{FAE04EC0-301F-11D3-BF4B-00C04F79EFBC}") = "HashSuite.Tests", "HashSuite.Tests\HashSuite.Tests.csproj", "{5756075F-96FD-4B77-A96E-5AC903FBE753}"
EndProject
Global
	GlobalSection(SolutionConfigurationPlatforms) = preSolution
		Debug|Any CPU = Debug|Any CPU
		Debug|x64 = Debug|x64
		Debug|x86 = Debug|x86
		Release|Any CPU = Release|Any CPU
		Release|x64 = Release|x64
		Release|x86 = Release|x86
	EndGlobalSection
	GlobalSection(SolutionProperties) = preSolution
		HideSolutionNode = FALSE
	EndGlobalSection
	GlobalSection(ProjectConfigurationPlatforms) = postSolution
		{67D9891C-227A-4C66-8D9B-24027802BC03}.Debug|Any CPU.ActiveCfg = Debug|Any CPU
		{67D9891C-227A-4C66-8D9B-24027802BC03}.Debug|Any CPU.Build.0 = Debug|Any CPU
		{67D9891C-227A-4C66-8D9B-24027802BC03}.Debug|x64.ActiveCfg = Debug|Any CPU
		{67D9891C-227A-4C66-8D9B-24027802BC03}.Debug|x64.Build.0 = Debug|Any CPU
		{67D9891C-227A-4C66-8D9B-24027802BC03}.Debug|x86.ActiveCfg = Debug|Any CPU
		{67D9891C-227A-4C66-8D9B-24027802BC03}.Debug|x86.Build.0 = Debug|Any CPU
		{67D9891C-227A-4C66-8D9B-24027802BC03}.Release|Any CPU.ActiveCfg = Release|Any CPU
		{67D9891C-227A-4C66-8D9B-24027802BC03}.Release|Any CPU.Build.0 = Release|Any CPU
		{67D9891C-227A-4C66-8D9B-24027802BC03}.Release|x64.ActiveCfg = Release|Any CPU
		{67D9891C-227A-4C66-8D9B-24027802BC03}.Release|x64.Build.0 = Release|Any CPU
		{67D9891C-227A-4C66-8D9B-24027802BC03}.Release|x86.ActiveCfg = Release|Any CPU
		{67D9891C-227A-4C66-8D9B-24027802BC03}.Release|x86.Build.0 = Release|Any CPU
		{5756075F-96FD-4B77-A96E-5AC903FBE753}.Debug|Any CPU.ActiveCfg = Debug|Any CPU
		{5756075F-96FD-4B77-A96E-5AC903FBE753}.Debug|Any CPU.Build.0 = Debug|Any CPU
		{5756075F-96FD-4B77-A96E-5AC903FBE753}.Debug|x64.ActiveCfg = Debug|Any CPU
		{5756075F-96FD-4B77-A96E-5AC903FBE753}.Debug|x64.Build.0 = Debug|Any CPU
		{5756075F-96FD-4B77-A96E-5AC903FBE753}.Debug|x86.ActiveCfg = Debug|Any CPU
		{5756075F-96FD-4B77-A96E-5AC903FBE753}.Debug|x86.Build.0 = Debug|Any CPU
		{5756075F-96FD-4B77-A96E-5AC903FBE753}.Release|Any CPU.ActiveCfg = Release|Any CPU
		{5756075F-96FD-4B77-A96E-5AC903FBE753}.Release|Any CPU.Build.0 = Release|Any CPU
		{5756075F-96FD-4B77-A96E-5AC903FBE753}.Release|x64.ActiveCfg = Release|Any CPU
		{5756075F-96FD-4B77-A96E-5AC903FBE753}.Release|x64.Build.0 = Release|Any CPU
		{5756075F-96FD-4B77-A96E-5AC903FBE753}.Release|x86.ActiveCfg = Release|Any CPU
		{5756075F-96FD-4B77-A96E-5AC903FBE753}.Release|x86.Build.0 = Release|Any CPU
	EndGlobalSection
EndGlobal
